// !$*UTF8*$!
{
	archiveVersion = 1;
	classes = {
	};
	objectVersion = 50;
	objects = {

/* Begin PBXBuildFile section */
		353F328B2354D50D00DDC82A /* AppDelegate.swift in Sources */ = {isa = PBXBuildFile; fileRef = 353F328A2354D50D00DDC82A /* AppDelegate.swift */; };
		353F328D2354D50D00DDC82A /* ViewController.swift in Sources */ = {isa = PBXBuildFile; fileRef = 353F328C2354D50D00DDC82A /* ViewController.swift */; };
		353F32902354D50D00DDC82A /* Main.storyboard in Resources */ = {isa = PBXBuildFile; fileRef = 353F328E2354D50D00DDC82A /* Main.storyboard */; };
		353F32922354D50E00DDC82A /* Assets.xcassets in Resources */ = {isa = PBXBuildFile; fileRef = 353F32912354D50E00DDC82A /* Assets.xcassets */; };
		353F32952354D50E00DDC82A /* LaunchScreen.storyboard in Resources */ = {isa = PBXBuildFile; fileRef = 353F32932354D50E00DDC82A /* LaunchScreen.storyboard */; };
		353F329F2354D70F00DDC82A /* Hype.swift in Sources */ = {isa = PBXBuildFile; fileRef = 353F329E2354D70F00DDC82A /* Hype.swift */; };
		353F32A22354DDCC00DDC82A /* HypeController.swift in Sources */ = {isa = PBXBuildFile; fileRef = 353F32A12354DDCC00DDC82A /* HypeController.swift */; };
		353F32A52354EAD800DDC82A /* HypeListViewController.swift in Sources */ = {isa = PBXBuildFile; fileRef = 353F32A42354EAD800DDC82A /* HypeListViewController.swift */; };
		353F32A82354EDB100DDC82A /* DateExtension.swift in Sources */ = {isa = PBXBuildFile; fileRef = 353F32A72354EDB100DDC82A /* DateExtension.swift */; };
		356978882357759D004DD262 /* User.swift in Sources */ = {isa = PBXBuildFile; fileRef = 356978872357759D004DD262 /* User.swift */; };
		3569788A23577B78004DD262 /* UserController.swift in Sources */ = {isa = PBXBuildFile; fileRef = 3569788923577B78004DD262 /* UserController.swift */; };
		3569788E2357898D004DD262 /* SignUpViewController.swift in Sources */ = {isa = PBXBuildFile; fileRef = 3569788D2357898D004DD262 /* SignUpViewController.swift */; };
		3569789123578B87004DD262 /* HypeList.storyboard in Resources */ = {isa = PBXBuildFile; fileRef = 3569788F23578B87004DD262 /* HypeList.storyboard */; };
		35EA97BA2358CD8400AD1662 /* PhotoPickerViewController.swift in Sources */ = {isa = PBXBuildFile; fileRef = 35EA97B92358CD8400AD1662 /* PhotoPickerViewController.swift */; };
		35EA97BC2358D42C00AD1662 /* PhotoAlertSheetExtension.swift in Sources */ = {isa = PBXBuildFile; fileRef = 35EA97BB2358D42C00AD1662 /* PhotoAlertSheetExtension.swift */; };
		35EA97BF2358DA0A00AD1662 /* PhotoPicker.storyboard in Resources */ = {isa = PBXBuildFile; fileRef = 35EA97BD2358DA0A00AD1662 /* PhotoPicker.storyboard */; };
		35EA97C12358DB6B00AD1662 /* HypePhotoViewController.swift in Sources */ = {isa = PBXBuildFile; fileRef = 35EA97C02358DB6B00AD1662 /* HypePhotoViewController.swift */; };
		35EA97C32358F67D00AD1662 /* HypeTableViewCell.swift in Sources */ = {isa = PBXBuildFile; fileRef = 35EA97C22358F67D00AD1662 /* HypeTableViewCell.swift */; };
/* End PBXBuildFile section */

/* Begin PBXFileReference section */
		353F32872354D50D00DDC82A /* Hype.app */ = {isa = PBXFileReference; explicitFileType = wrapper.application; includeInIndex = 0; path = Hype.app; sourceTree = BUILT_PRODUCTS_DIR; };
		353F328A2354D50D00DDC82A /* AppDelegate.swift */ = {isa = PBXFileReference; lastKnownFileType = sourcecode.swift; path = AppDelegate.swift; sourceTree = "<group>"; };
		353F328C2354D50D00DDC82A /* ViewController.swift */ = {isa = PBXFileReference; lastKnownFileType = sourcecode.swift; path = ViewController.swift; sourceTree = "<group>"; };
		353F328F2354D50D00DDC82A /* Base */ = {isa = PBXFileReference; lastKnownFileType = file.storyboard; name = Base; path = Base.lproj/Main.storyboard; sourceTree = "<group>"; };
		353F32912354D50E00DDC82A /* Assets.xcassets */ = {isa = PBXFileReference; lastKnownFileType = folder.assetcatalog; path = Assets.xcassets; sourceTree = "<group>"; };
		353F32942354D50E00DDC82A /* Base */ = {isa = PBXFileReference; lastKnownFileType = file.storyboard; name = Base; path = Base.lproj/LaunchScreen.storyboard; sourceTree = "<group>"; };
		353F32962354D50E00DDC82A /* Info.plist */ = {isa = PBXFileReference; lastKnownFileType = text.plist.xml; path = Info.plist; sourceTree = "<group>"; };
		353F329E2354D70F00DDC82A /* Hype.swift */ = {isa = PBXFileReference; lastKnownFileType = sourcecode.swift; path = Hype.swift; sourceTree = "<group>"; };
		353F32A12354DDCC00DDC82A /* HypeController.swift */ = {isa = PBXFileReference; lastKnownFileType = sourcecode.swift; path = HypeController.swift; sourceTree = "<group>"; };
		353F32A42354EAD800DDC82A /* HypeListViewController.swift */ = {isa = PBXFileReference; lastKnownFileType = sourcecode.swift; path = HypeListViewController.swift; sourceTree = "<group>"; };
		353F32A72354EDB100DDC82A /* DateExtension.swift */ = {isa = PBXFileReference; lastKnownFileType = sourcecode.swift; path = DateExtension.swift; sourceTree = "<group>"; };
		356978872357759D004DD262 /* User.swift */ = {isa = PBXFileReference; lastKnownFileType = sourcecode.swift; path = User.swift; sourceTree = "<group>"; };
		3569788923577B78004DD262 /* UserController.swift */ = {isa = PBXFileReference; lastKnownFileType = sourcecode.swift; path = UserController.swift; sourceTree = "<group>"; };
		3569788D2357898D004DD262 /* SignUpViewController.swift */ = {isa = PBXFileReference; lastKnownFileType = sourcecode.swift; path = SignUpViewController.swift; sourceTree = "<group>"; };
		3569789023578B87004DD262 /* Base */ = {isa = PBXFileReference; lastKnownFileType = file.storyboard; name = Base; path = Hype/Views/Base.lproj/HypeList.storyboard; sourceTree = "<group>"; };
		35EA97B92358CD8400AD1662 /* PhotoPickerViewController.swift */ = {isa = PBXFileReference; lastKnownFileType = sourcecode.swift; path = PhotoPickerViewController.swift; sourceTree = "<group>"; };
		35EA97BB2358D42C00AD1662 /* PhotoAlertSheetExtension.swift */ = {isa = PBXFileReference; lastKnownFileType = sourcecode.swift; path = PhotoAlertSheetExtension.swift; sourceTree = "<group>"; };
		35EA97BE2358DA0A00AD1662 /* Base */ = {isa = PBXFileReference; lastKnownFileType = file.storyboard; name = Base; path = Hype/Views/Base.lproj/PhotoPicker.storyboard; sourceTree = "<group>"; };
		35EA97C02358DB6B00AD1662 /* HypePhotoViewController.swift */ = {isa = PBXFileReference; lastKnownFileType = sourcecode.swift; path = HypePhotoViewController.swift; sourceTree = "<group>"; };
		35EA97C22358F67D00AD1662 /* HypeTableViewCell.swift */ = {isa = PBXFileReference; lastKnownFileType = sourcecode.swift; path = HypeTableViewCell.swift; sourceTree = "<group>"; };
/* End PBXFileReference section */

/* Begin PBXFrameworksBuildPhase section */
		353F32842354D50D00DDC82A /* Frameworks */ = {
			isa = PBXFrameworksBuildPhase;
			buildActionMask = 2147483647;
			files = (
			);
			runOnlyForDeploymentPostprocessing = 0;
		};
/* End PBXFrameworksBuildPhase section */

/* Begin PBXGroup section */
		353F327E2354D50D00DDC82A = {
			isa = PBXGroup;
			children = (
				353F32892354D50D00DDC82A /* Hype */,
				353F32882354D50D00DDC82A /* Products */,
			);
			sourceTree = "<group>";
		};
		353F32882354D50D00DDC82A /* Products */ = {
			isa = PBXGroup;
			children = (
				353F32872354D50D00DDC82A /* Hype.app */,
			);
			name = Products;
			sourceTree = "<group>";
		};
		353F32892354D50D00DDC82A /* Hype */ = {
			isa = PBXGroup;
			children = (
				353F32A02354D71300DDC82A /* Models */,
				353F32A32354DDD100DDC82A /* Model Controllers */,
				353F32A62354EADD00DDC82A /* View Controllers */,
				35EA97C42358F6A300AD1662 /* Storyboards */,
				353F329C2354D64F00DDC82A /* Custom Cells */,
				353F32A92354EDB400DDC82A /* Helpers */,
				353F329D2354D65C00DDC82A /* Resources */,
			);
			path = Hype;
			sourceTree = "<group>";
		};
		353F329C2354D64F00DDC82A /* Custom Cells */ = {
			isa = PBXGroup;
			children = (
				35EA97C22358F67D00AD1662 /* HypeTableViewCell.swift */,
			);
			path = "Custom Cells";
			sourceTree = "<group>";
		};
		353F329D2354D65C00DDC82A /* Resources */ = {
			isa = PBXGroup;
			children = (
				353F328A2354D50D00DDC82A /* AppDelegate.swift */,
				353F328C2354D50D00DDC82A /* ViewController.swift */,
				353F32912354D50E00DDC82A /* Assets.xcassets */,
				353F32932354D50E00DDC82A /* LaunchScreen.storyboard */,
				353F32962354D50E00DDC82A /* Info.plist */,
			);
			path = Resources;
			sourceTree = "<group>";
		};
		353F32A02354D71300DDC82A /* Models */ = {
			isa = PBXGroup;
			children = (
				353F329E2354D70F00DDC82A /* Hype.swift */,
				356978872357759D004DD262 /* User.swift */,
			);
			path = Models;
			sourceTree = "<group>";
		};
		353F32A32354DDD100DDC82A /* Model Controllers */ = {
			isa = PBXGroup;
			children = (
				353F32A12354DDCC00DDC82A /* HypeController.swift */,
				3569788923577B78004DD262 /* UserController.swift */,
			);
			path = "Model Controllers";
			sourceTree = "<group>";
		};
		353F32A62354EADD00DDC82A /* View Controllers */ = {
			isa = PBXGroup;
			children = (
				353F32A42354EAD800DDC82A /* HypeListViewController.swift */,
				3569788D2357898D004DD262 /* SignUpViewController.swift */,
				35EA97B92358CD8400AD1662 /* PhotoPickerViewController.swift */,
				35EA97C02358DB6B00AD1662 /* HypePhotoViewController.swift */,
			);
			path = "View Controllers";
			sourceTree = "<group>";
		};
		353F32A92354EDB400DDC82A /* Helpers */ = {
			isa = PBXGroup;
			children = (
				353F32A72354EDB100DDC82A /* DateExtension.swift */,
				35EA97BB2358D42C00AD1662 /* PhotoAlertSheetExtension.swift */,
			);
			path = Helpers;
			sourceTree = "<group>";
		};
		35EA97C42358F6A300AD1662 /* Storyboards */ = {
			isa = PBXGroup;
			children = (
				353F328E2354D50D00DDC82A /* Main.storyboard */,
				3569788F23578B87004DD262 /* HypeList.storyboard */,
				35EA97BD2358DA0A00AD1662 /* PhotoPicker.storyboard */,
			);
			path = Storyboards;
			sourceTree = "<group>";
		};
/* End PBXGroup section */

/* Begin PBXNativeTarget section */
		353F32862354D50D00DDC82A /* Hype */ = {
			isa = PBXNativeTarget;
			buildConfigurationList = 353F32992354D50E00DDC82A /* Build configuration list for PBXNativeTarget "Hype" */;
			buildPhases = (
				353F32832354D50D00DDC82A /* Sources */,
				353F32842354D50D00DDC82A /* Frameworks */,
				353F32852354D50D00DDC82A /* Resources */,
			);
			buildRules = (
			);
			dependencies = (
			);
			name = Hype;
			productName = Hype;
			productReference = 353F32872354D50D00DDC82A /* Hype.app */;
			productType = "com.apple.product-type.application";
		};
/* End PBXNativeTarget section */

/* Begin PBXProject section */
		353F327F2354D50D00DDC82A /* Project object */ = {
			isa = PBXProject;
			attributes = {
				LastSwiftUpdateCheck = 1010;
				LastUpgradeCheck = 1010;
				ORGANIZATIONNAME = "Squanto Inc";
				TargetAttributes = {
					353F32862354D50D00DDC82A = {
						CreatedOnToolsVersion = 10.1;
					};
				};
			};
			buildConfigurationList = 353F32822354D50D00DDC82A /* Build configuration list for PBXProject "Hype" */;
			compatibilityVersion = "Xcode 9.3";
			developmentRegion = en;
			hasScannedForEncodings = 0;
			knownRegions = (
				en,
				Base,
			);
			mainGroup = 353F327E2354D50D00DDC82A;
			productRefGroup = 353F32882354D50D00DDC82A /* Products */;
			projectDirPath = "";
			projectRoot = "";
			targets = (
				353F32862354D50D00DDC82A /* Hype */,
			);
		};
/* End PBXProject section */

/* Begin PBXResourcesBuildPhase section */
		353F32852354D50D00DDC82A /* Resources */ = {
			isa = PBXResourcesBuildPhase;
			buildActionMask = 2147483647;
			files = (
				3569789123578B87004DD262 /* HypeList.storyboard in Resources */,
				35EA97BF2358DA0A00AD1662 /* PhotoPicker.storyboard in Resources */,
				353F32952354D50E00DDC82A /* LaunchScreen.storyboard in Resources */,
				353F32922354D50E00DDC82A /* Assets.xcassets in Resources */,
				353F32902354D50D00DDC82A /* Main.storyboard in Resources */,
			);
			runOnlyForDeploymentPostprocessing = 0;
		};
/* End PBXResourcesBuildPhase section */

/* Begin PBXSourcesBuildPhase section */
		353F32832354D50D00DDC82A /* Sources */ = {
			isa = PBXSourcesBuildPhase;
			buildActionMask = 2147483647;
			files = (
				353F328D2354D50D00DDC82A /* ViewController.swift in Sources */,
				35EA97C32358F67D00AD1662 /* HypeTableViewCell.swift in Sources */,
				353F32A82354EDB100DDC82A /* DateExtension.swift in Sources */,
				3569788A23577B78004DD262 /* UserController.swift in Sources */,
				353F32A22354DDCC00DDC82A /* HypeController.swift in Sources */,
				353F32A52354EAD800DDC82A /* HypeListViewController.swift in Sources */,
				353F328B2354D50D00DDC82A /* AppDelegate.swift in Sources */,
				3569788E2357898D004DD262 /* SignUpViewController.swift in Sources */,
				35EA97BA2358CD8400AD1662 /* PhotoPickerViewController.swift in Sources */,
				35EA97C12358DB6B00AD1662 /* HypePhotoViewController.swift in Sources */,
				35EA97BC2358D42C00AD1662 /* PhotoAlertSheetExtension.swift in Sources */,
				353F329F2354D70F00DDC82A /* Hype.swift in Sources */,
				356978882357759D004DD262 /* User.swift in Sources */,
			);
			runOnlyForDeploymentPostprocessing = 0;
		};
/* End PBXSourcesBuildPhase section */

/* Begin PBXVariantGroup section */
		353F328E2354D50D00DDC82A /* Main.storyboard */ = {
			isa = PBXVariantGroup;
			children = (
				353F328F2354D50D00DDC82A /* Base */,
			);
			name = Main.storyboard;
			sourceTree = "<group>";
		};
		353F32932354D50E00DDC82A /* LaunchScreen.storyboard */ = {
			isa = PBXVariantGroup;
			children = (
				353F32942354D50E00DDC82A /* Base */,
			);
			name = LaunchScreen.storyboard;
			sourceTree = "<group>";
		};
		3569788F23578B87004DD262 /* HypeList.storyboard */ = {
			isa = PBXVariantGroup;
			children = (
				3569789023578B87004DD262 /* Base */,
			);
			name = HypeList.storyboard;
			sourceTree = "<group>";
		};
		35EA97BD2358DA0A00AD1662 /* PhotoPicker.storyboard */ = {
			isa = PBXVariantGroup;
			children = (
				35EA97BE2358DA0A00AD1662 /* Base */,
			);
			name = PhotoPicker.storyboard;
			sourceTree = "<group>";
		};
/* End PBXVariantGroup section */

/* Begin XCBuildConfiguration section */
		353F32972354D50E00DDC82A /* Debug */ = {
			isa = XCBuildConfiguration;
			buildSettings = {
				ALWAYS_SEARCH_USER_PATHS = NO;
				CLANG_ANALYZER_NONNULL = YES;
				CLANG_ANALYZER_NUMBER_OBJECT_CONVERSION = YES_AGGRESSIVE;
				CLANG_CXX_LANGUAGE_STANDARD = "gnu++14";
				CLANG_CXX_LIBRARY = "libc++";
				CLANG_ENABLE_MODULES = YES;
				CLANG_ENABLE_OBJC_ARC = YES;
				CLANG_ENABLE_OBJC_WEAK = YES;
				CLANG_WARN_BLOCK_CAPTURE_AUTORELEASING = YES;
				CLANG_WARN_BOOL_CONVERSION = YES;
				CLANG_WARN_COMMA = YES;
				CLANG_WARN_CONSTANT_CONVERSION = YES;
				CLANG_WARN_DEPRECATED_OBJC_IMPLEMENTATIONS = YES;
				CLANG_WARN_DIRECT_OBJC_ISA_USAGE = YES_ERROR;
				CLANG_WARN_DOCUMENTATION_COMMENTS = YES;
				CLANG_WARN_EMPTY_BODY = YES;
				CLANG_WARN_ENUM_CONVERSION = YES;
				CLANG_WARN_INFINITE_RECURSION = YES;
				CLANG_WARN_INT_CONVERSION = YES;
				CLANG_WARN_NON_LITERAL_NULL_CONVERSION = YES;
				CLANG_WARN_OBJC_IMPLICIT_RETAIN_SELF = YES;
				CLANG_WARN_OBJC_LITERAL_CONVERSION = YES;
				CLANG_WARN_OBJC_ROOT_CLASS = YES_ERROR;
				CLANG_WARN_RANGE_LOOP_ANALYSIS = YES;
				CLANG_WARN_STRICT_PROTOTYPES = YES;
				CLANG_WARN_SUSPICIOUS_MOVE = YES;
				CLANG_WARN_UNGUARDED_AVAILABILITY = YES_AGGRESSIVE;
				CLANG_WARN_UNREACHABLE_CODE = YES;
				CLANG_WARN__DUPLICATE_METHOD_MATCH = YES;
				CODE_SIGN_IDENTITY = "iPhone Developer";
				COPY_PHASE_STRIP = NO;
				DEBUG_INFORMATION_FORMAT = dwarf;
				ENABLE_STRICT_OBJC_MSGSEND = YES;
				ENABLE_TESTABILITY = YES;
				GCC_C_LANGUAGE_STANDARD = gnu11;
				GCC_DYNAMIC_NO_PIC = NO;
				GCC_NO_COMMON_BLOCKS = YES;
				GCC_OPTIMIZATION_LEVEL = 0;
				GCC_PREPROCESSOR_DEFINITIONS = (
					"DEBUG=1",
					"$(inherited)",
				);
				GCC_WARN_64_TO_32_BIT_CONVERSION = YES;
				GCC_WARN_ABOUT_RETURN_TYPE = YES_ERROR;
				GCC_WARN_UNDECLARED_SELECTOR = YES;
				GCC_WARN_UNINITIALIZED_AUTOS = YES_AGGRESSIVE;
				GCC_WARN_UNUSED_FUNCTION = YES;
				GCC_WARN_UNUSED_VARIABLE = YES;
				IPHONEOS_DEPLOYMENT_TARGET = 12.1;
				MTL_ENABLE_DEBUG_INFO = INCLUDE_SOURCE;
				MTL_FAST_MATH = YES;
				ONLY_ACTIVE_ARCH = YES;
				SDKROOT = iphoneos;
				SWIFT_ACTIVE_COMPILATION_CONDITIONS = DEBUG;
				SWIFT_OPTIMIZATION_LEVEL = "-Onone";
			};
			name = Debug;
		};
		353F32982354D50E00DDC82A /* Release */ = {
			isa = XCBuildConfiguration;
			buildSettings = {
				ALWAYS_SEARCH_USER_PATHS = NO;
				CLANG_ANALYZER_NONNULL = YES;
				CLANG_ANALYZER_NUMBER_OBJECT_CONVERSION = YES_AGGRESSIVE;
				CLANG_CXX_LANGUAGE_STANDARD = "gnu++14";
				CLANG_CXX_LIBRARY = "libc++";
				CLANG_ENABLE_MODULES = YES;
				CLANG_ENABLE_OBJC_ARC = YES;
				CLANG_ENABLE_OBJC_WEAK = YES;
				CLANG_WARN_BLOCK_CAPTURE_AUTORELEASING = YES;
				CLANG_WARN_BOOL_CONVERSION = YES;
				CLANG_WARN_COMMA = YES;
				CLANG_WARN_CONSTANT_CONVERSION = YES;
				CLANG_WARN_DEPRECATED_OBJC_IMPLEMENTATIONS = YES;
				CLANG_WARN_DIRECT_OBJC_ISA_USAGE = YES_ERROR;
				CLANG_WARN_DOCUMENTATION_COMMENTS = YES;
				CLANG_WARN_EMPTY_BODY = YES;
				CLANG_WARN_ENUM_CONVERSION = YES;
				CLANG_WARN_INFINITE_RECURSION = YES;
				CLANG_WARN_INT_CONVERSION = YES;
				CLANG_WARN_NON_LITERAL_NULL_CONVERSION = YES;
				CLANG_WARN_OBJC_IMPLICIT_RETAIN_SELF = YES;
				CLANG_WARN_OBJC_LITERAL_CONVERSION = YES;
				CLANG_WARN_OBJC_ROOT_CLASS = YES_ERROR;
				CLANG_WARN_RANGE_LOOP_ANALYSIS = YES;
				CLANG_WARN_STRICT_PROTOTYPES = YES;
				CLANG_WARN_SUSPICIOUS_MOVE = YES;
				CLANG_WARN_UNGUARDED_AVAILABILITY = YES_AGGRESSIVE;
				CLANG_WARN_UNREACHABLE_CODE = YES;
				CLANG_WARN__DUPLICATE_METHOD_MATCH = YES;
				CODE_SIGN_IDENTITY = "iPhone Developer";
				COPY_PHASE_STRIP = NO;
				DEBUG_INFORMATION_FORMAT = "dwarf-with-dsym";
				ENABLE_NS_ASSERTIONS = NO;
				ENABLE_STRICT_OBJC_MSGSEND = YES;
				GCC_C_LANGUAGE_STANDARD = gnu11;
				GCC_NO_COMMON_BLOCKS = YES;
				GCC_WARN_64_TO_32_BIT_CONVERSION = YES;
				GCC_WARN_ABOUT_RETURN_TYPE = YES_ERROR;
				GCC_WARN_UNDECLARED_SELECTOR = YES;
				GCC_WARN_UNINITIALIZED_AUTOS = YES_AGGRESSIVE;
				GCC_WARN_UNUSED_FUNCTION = YES;
				GCC_WARN_UNUSED_VARIABLE = YES;
				IPHONEOS_DEPLOYMENT_TARGET = 12.1;
				MTL_ENABLE_DEBUG_INFO = NO;
				MTL_FAST_MATH = YES;
				SDKROOT = iphoneos;
				SWIFT_COMPILATION_MODE = wholemodule;
				SWIFT_OPTIMIZATION_LEVEL = "-O";
				VALIDATE_PRODUCT = YES;
			};
			name = Release;
		};
		353F329A2354D50E00DDC82A /* Debug */ = {
			isa = XCBuildConfiguration;
			buildSettings = {
				ASSETCATALOG_COMPILER_APPICON_NAME = AppIcon;
				CODE_SIGN_STYLE = Automatic;
				DEVELOPMENT_TEAM = EANQJ7L949;
				INFOPLIST_FILE = "$(SRCROOT)/Hype/Resources/Info.plist";
				LD_RUNPATH_SEARCH_PATHS = (
					"$(inherited)",
					"@executable_path/Frameworks",
				);
				PRODUCT_BUNDLE_IDENTIFIER = com.squantoinc.Hype;
				PRODUCT_NAME = "$(TARGET_NAME)";
				SWIFT_VERSION = 4.2;
				TARGETED_DEVICE_FAMILY = "1,2";
			};
			name = Debug;
		};
		353F329B2354D50E00DDC82A /* Release */ = {
			isa = XCBuildConfiguration;
			buildSettings = {
				ASSETCATALOG_COMPILER_APPICON_NAME = AppIcon;
				CODE_SIGN_STYLE = Automatic;
				DEVELOPMENT_TEAM = EANQJ7L949;
				INFOPLIST_FILE = "$(SRCROOT)/Hype/Resources/Info.plist";
				LD_RUNPATH_SEARCH_PATHS = (
					"$(inherited)",
					"@executable_path/Frameworks",
				);
				PRODUCT_BUNDLE_IDENTIFIER = com.squantoinc.Hype;
				PRODUCT_NAME = "$(TARGET_NAME)";
				SWIFT_VERSION = 4.2;
				TARGETED_DEVICE_FAMILY = "1,2";
			};
			name = Release;
		};
/* End XCBuildConfiguration section */

/* Begin XCConfigurationList section */
		353F32822354D50D00DDC82A /* Build configuration list for PBXProject "Hype" */ = {
			isa = XCConfigurationList;
			buildConfigurations = (
				353F32972354D50E00DDC82A /* Debug */,
				353F32982354D50E00DDC82A /* Release */,
			);
			defaultConfigurationIsVisible = 0;
			defaultConfigurationName = Release;
		};
		353F32992354D50E00DDC82A /* Build configuration list for PBXNativeTarget "Hype" */ = {
			isa = XCConfigurationList;
			buildConfigurations = (
				353F329A2354D50E00DDC82A /* Debug */,
				353F329B2354D50E00DDC82A /* Release */,
			);
			defaultConfigurationIsVisible = 0;
			defaultConfigurationName = Release;
		};
/* End XCConfigurationList section */
	};
	rootObject = 353F327F2354D50D00DDC82A /* Project object */;
}
